// !$*UTF8*$!
{
	archiveVersion = 1;
	classes = {
	};
	objectVersion = 46;
	objects = {

/* Begin PBXGroup section */
		39B5F5FA1BDA52AC0062CE88 = {
			isa = PBXGroup;
			children = (
			);
			sourceTree = "<group>";
		};
/* End PBXGroup section */

/* Begin PBXProject section */
		39B5F5FB1BDA52AC0062CE88 /* Project object */ = {
			isa = PBXProject;
			attributes = {
				LastUpgradeCheck = 0460;
			};
			buildConfigurationList = 39B5F5FE1BDA52AC0062CE88 /* Build configuration list for PBXProject "computergraphics2015" */;
			compatibilityVersion = "Xcode 3.2";
			developmentRegion = English;
			hasScannedForEncodings = 0;
			knownRegions = (
				en,
			);
			mainGroup = 39B5F5FA1BDA52AC0062CE88;
			projectDirPath = "";
			projectRoot = "";
			targets = (
			);
		};
/* End PBXProject section */

/* Begin XCBuildConfiguration section */
		39B5F5FF1BDA52AC0062CE88 /* Debug */ = {
			isa = XCBuildConfiguration;
			buildSettings = {
			};
			name = Debug;
		};
		39B5F6001BDA52AC0062CE88 /* Release */ = {
			isa = XCBuildConfiguration;
			buildSettings = {
			};
			name = Release;
		};
/* End XCBuildConfiguration section */

/* Begin XCConfigurationList section */
		39B5F5FE1BDA52AC0062CE88 /* Build configuration list for PBXProject "computergraphics2015" */ = {
			isa = XCConfigurationList;
			buildConfigurations = (
				39B5F5FF1BDA52AC0062CE88 /* Debug */,
				39B5F6001BDA52AC0062CE88 /* Release */,
			);
			defaultConfigurationIsVisible = 0;
			defaultConfigurationName = Release;
		};
/* End XCConfigurationList section */
	};
	rootObject = 39B5F5FB1BDA52AC0062CE88 /* Project object */;
}
